
Microsoft Visual Studio Solution File, Format Version 12.00
# Visual Studio 2013
Project("{FAE04EC0-301F-11D3-BF4B-00C04F79EFBC}") = "UnityVS.GameRole.CSharp", "UnityVS.GameRole.CSharp.csproj", "{3F4E747C-2D27-B401-D98D-C5DE99C3CC7E}"
EndProject
Project("{1FAC5C55-277D-4884-94A4-83DBDAF57E56}") = "UnityVS.GameRole.UnityScript.Plugins", "UnityVS.GameRole.UnityScript.Plugins.unityproj", "{9E5D3361-0634-1387-BECA-5D35EF173B29}"
EndProject
Project("{FAE04EC0-301F-11D3-BF4B-00C04F79EFBC}") = "UnityVS.GameRole.CSharp.Editor", "UnityVS.GameRole.CSharp.Editor.csproj", "{BC1B7E11-5408-EB91-A2C8-80B7C20C6BDE}"
EndProject
Project("{FAE04EC0-301F-11D3-BF4B-00C04F79EFBC}") = "UnityVS.GameRole.CSharp.Plugins", "UnityVS.GameRole.CSharp.Plugins.csproj", "{33CA2D27-BC3D-1937-FEBB-B58E6C963008}"
EndProject
Global
	GlobalSection(SolutionConfigurationPlatforms) = preSolution
		Debug|Any CPU = Debug|Any CPU
		Release|Any CPU = Release|Any CPU
	EndGlobalSection
	GlobalSection(ProjectConfigurationPlatforms) = postSolution
		{3F4E747C-2D27-B401-D98D-C5DE99C3CC7E}.Debug|Any CPU.ActiveCfg = Debug|Any CPU
		{3F4E747C-2D27-B401-D98D-C5DE99C3CC7E}.Debug|Any CPU.Build.0 = Debug|Any CPU
		{3F4E747C-2D27-B401-D98D-C5DE99C3CC7E}.Release|Any CPU.ActiveCfg = Release|Any CPU
		{3F4E747C-2D27-B401-D98D-C5DE99C3CC7E}.Release|Any CPU.Build.0 = Release|Any CPU
		{9E5D3361-0634-1387-BECA-5D35EF173B29}.Debug|Any CPU.ActiveCfg = Debug|Any CPU
		{9E5D3361-0634-1387-BECA-5D35EF173B29}.Debug|Any CPU.Build.0 = Debug|Any CPU
		{9E5D3361-0634-1387-BECA-5D35EF173B29}.Release|Any CPU.ActiveCfg = Release|Any CPU
		{9E5D3361-0634-1387-BECA-5D35EF173B29}.Release|Any CPU.Build.0 = Release|Any CPU
		{BC1B7E11-5408-EB91-A2C8-80B7C20C6BDE}.Debug|Any CPU.ActiveCfg = Debug|Any CPU
		{BC1B7E11-5408-EB91-A2C8-80B7C20C6BDE}.Debug|Any CPU.Build.0 = Debug|Any CPU
		{BC1B7E11-5408-EB91-A2C8-80B7C20C6BDE}.Release|Any CPU.ActiveCfg = Release|Any CPU
		{BC1B7E11-5408-EB91-A2C8-80B7C20C6BDE}.Release|Any CPU.Build.0 = Release|Any CPU
		{33CA2D27-BC3D-1937-FEBB-B58E6C963008}.Debug|Any CPU.ActiveCfg = Debug|Any CPU
		{33CA2D27-BC3D-1937-FEBB-B58E6C963008}.Debug|Any CPU.Build.0 = Debug|Any CPU
		{33CA2D27-BC3D-1937-FEBB-B58E6C963008}.Release|Any CPU.ActiveCfg = Release|Any CPU
		{33CA2D27-BC3D-1937-FEBB-B58E6C963008}.Release|Any CPU.Build.0 = Release|Any CPU
	EndGlobalSection
	GlobalSection(SolutionProperties) = preSolution
		HideSolutionNode = FALSE
	EndGlobalSection
EndGlobal
